
Microsoft Visual Studio Solution File, Format Version 12.00
# Visual Studio Version 16
VisualStudioVersion = 16.6.30114.105
MinimumVisualStudioVersion = 10.0.40219.1
Project("{9A19103F-16F7-4668-BE54-9A1E7A4F7556}") = "R5T.D0071.Construction", "R5T.D0071.Construction\R5T.D0071.Construction.csproj", "{306198B2-0155-4F1C-AF35-256E78A4AB44}"
EndProject
Project("{2150E333-8FDC-42A3-9474-1A3956D46DE8}") = "_Dependencies", "_Dependencies", "{F3D84209-F694-4142-B879-D61867509EE9}"
EndProject
Project("{9A19103F-16F7-4668-BE54-9A1E7A4F7556}") = "R5T.D0071.Base", "R5T.D0071.Base\R5T.D0071.Base.csproj", "{D44DC098-C85F-4C09-A863-B99AC7279D2B}"
EndProject
Project("{9A19103F-16F7-4668-BE54-9A1E7A4F7556}") = "R5T.D0071.Default", "R5T.D0071.Default\R5T.D0071.Default.csproj", "{082A3233-11DC-4283-A7E2-1C238EF6672E}"
EndProject
Project("{9A19103F-16F7-4668-BE54-9A1E7A4F7556}") = "R5T.Dacia", "..\..\R5T.Dacia\source\R5T.Dacia\R5T.Dacia.csproj", "{982F7458-1A13-4637-851A-27D24B90A80D}"
EndProject
Project("{9A19103F-16F7-4668-BE54-9A1E7A4F7556}") = "R5T.Dacia.Extensions", "..\..\R5T.Dacia.Extensions\source\R5T.Dacia.Extensions\R5T.Dacia.Extensions.csproj", "{2053D9B4-45BF-4332-AFA2-ED3D7E0B6FE3}"
EndProject
Project("{9A19103F-16F7-4668-BE54-9A1E7A4F7556}") = "R5T.Lombardy.Base", "..\..\R5T.Lombardy.Base\source\R5T.Lombardy.Base\R5T.Lombardy.Base.csproj", "{62D7D4C6-E75D-4862-9E90-F5B46B26F2AA}"
EndProject
Project("{9A19103F-16F7-4668-BE54-9A1E7A4F7556}") = "R5T.T0064", "..\..\R5T.T0064\source\R5T.T0064\R5T.T0064.csproj", "{0EE0CEC7-2E48-4425-8B25-D89091011362}"
EndProject
Project("{9A19103F-16F7-4668-BE54-9A1E7A4F7556}") = "R5T.T0062.X001", "..\..\R5T.T0062\source\R5T.T0062.X001\R5T.T0062.X001.csproj", "{DD097298-ED75-4F5B-974D-B7CAF1475970}"
EndProject
Project("{9A19103F-16F7-4668-BE54-9A1E7A4F7556}") = "R5T.Magyar", "..\..\R5T.Magyar\source\R5T.Magyar\R5T.Magyar.csproj", "{EBF3B678-3DF9-4DAE-A08A-3A411F61E430}"
EndProject
Project("{9A19103F-16F7-4668-BE54-9A1E7A4F7556}") = "R5T.T0063", "..\..\R5T.T0063\source\R5T.T0063\R5T.T0063.csproj", "{3A865DB0-9433-4246-B4CA-5B203AE14053}"
EndProject
Project("{9A19103F-16F7-4668-BE54-9A1E7A4F7556}") = "R5T.L0013", "..\..\R5T.L0013\source\R5T.L0013\R5T.L0013.csproj", "{20A7A1D6-6E65-45D0-94EB-4966B9285E82}"
EndProject
Project("{9A19103F-16F7-4668-BE54-9A1E7A4F7556}") = "R5T.T0062", "..\..\R5T.T0062\source\R5T.T0062\R5T.T0062.csproj", "{62C14822-2B00-4165-9C7F-FE665C36602C}"
EndProject
Project("{9A19103F-16F7-4668-BE54-9A1E7A4F7556}") = "R5T.T0039.T002", "..\..\R5T.T0039\source\R5T.T0039.T002\R5T.T0039.T002.csproj", "{534A341E-407B-4F83-BAC9-CFE23E3E2E38}"
EndProject
Global
	GlobalSection(SolutionConfigurationPlatforms) = preSolution
		Debug|Any CPU = Debug|Any CPU
		Debug|x64 = Debug|x64
		Debug|x86 = Debug|x86
		Release|Any CPU = Release|Any CPU
		Release|x64 = Release|x64
		Release|x86 = Release|x86
	EndGlobalSection
	GlobalSection(ProjectConfigurationPlatforms) = postSolution
		{306198B2-0155-4F1C-AF35-256E78A4AB44}.Debug|Any CPU.ActiveCfg = Debug|Any CPU
		{306198B2-0155-4F1C-AF35-256E78A4AB44}.Debug|Any CPU.Build.0 = Debug|Any CPU
		{306198B2-0155-4F1C-AF35-256E78A4AB44}.Debug|x64.ActiveCfg = Debug|Any CPU
		{306198B2-0155-4F1C-AF35-256E78A4AB44}.Debug|x64.Build.0 = Debug|Any CPU
		{306198B2-0155-4F1C-AF35-256E78A4AB44}.Debug|x86.ActiveCfg = Debug|Any CPU
		{306198B2-0155-4F1C-AF35-256E78A4AB44}.Debug|x86.Build.0 = Debug|Any CPU
		{306198B2-0155-4F1C-AF35-256E78A4AB44}.Release|Any CPU.ActiveCfg = Release|Any CPU
		{306198B2-0155-4F1C-AF35-256E78A4AB44}.Release|Any CPU.Build.0 = Release|Any CPU
		{306198B2-0155-4F1C-AF35-256E78A4AB44}.Release|x64.ActiveCfg = Release|Any CPU
		{306198B2-0155-4F1C-AF35-256E78A4AB44}.Release|x64.Build.0 = Release|Any CPU
		{306198B2-0155-4F1C-AF35-256E78A4AB44}.Release|x86.ActiveCfg = Release|Any CPU
		{306198B2-0155-4F1C-AF35-256E78A4AB44}.Release|x86.Build.0 = Release|Any CPU
		{D44DC098-C85F-4C09-A863-B99AC7279D2B}.Debug|Any CPU.ActiveCfg = Debug|Any CPU
		{D44DC098-C85F-4C09-A863-B99AC7279D2B}.Debug|Any CPU.Build.0 = Debug|Any CPU
		{D44DC098-C85F-4C09-A863-B99AC7279D2B}.Debug|x64.ActiveCfg = Debug|Any CPU
		{D44DC098-C85F-4C09-A863-B99AC7279D2B}.Debug|x64.Build.0 = Debug|Any CPU
		{D44DC098-C85F-4C09-A863-B99AC7279D2B}.Debug|x86.ActiveCfg = Debug|Any CPU
		{D44DC098-C85F-4C09-A863-B99AC7279D2B}.Debug|x86.Build.0 = Debug|Any CPU
		{D44DC098-C85F-4C09-A863-B99AC7279D2B}.Release|Any CPU.ActiveCfg = Release|Any CPU
		{D44DC098-C85F-4C09-A863-B99AC7279D2B}.Release|Any CPU.Build.0 = Release|Any CPU
		{D44DC098-C85F-4C09-A863-B99AC7279D2B}.Release|x64.ActiveCfg = Release|Any CPU
		{D44DC098-C85F-4C09-A863-B99AC7279D2B}.Release|x64.Build.0 = Release|Any CPU
		{D44DC098-C85F-4C09-A863-B99AC7279D2B}.Release|x86.ActiveCfg = Release|Any CPU
		{D44DC098-C85F-4C09-A863-B99AC7279D2B}.Release|x86.Build.0 = Release|Any CPU
		{082A3233-11DC-4283-A7E2-1C238EF6672E}.Debug|Any CPU.ActiveCfg = Debug|Any CPU
		{082A3233-11DC-4283-A7E2-1C238EF6672E}.Debug|Any CPU.Build.0 = Debug|Any CPU
		{082A3233-11DC-4283-A7E2-1C238EF6672E}.Debug|x64.ActiveCfg = Debug|Any CPU
		{082A3233-11DC-4283-A7E2-1C238EF6672E}.Debug|x64.Build.0 = Debug|Any CPU
		{082A3233-11DC-4283-A7E2-1C238EF6672E}.Debug|x86.ActiveCfg = Debug|Any CPU
		{082A3233-11DC-4283-A7E2-1C238EF6672E}.Debug|x86.Build.0 = Debug|Any CPU
		{082A3233-11DC-4283-A7E2-1C238EF6672E}.Release|Any CPU.ActiveCfg = Release|Any CPU
		{082A3233-11DC-4283-A7E2-1C238EF6672E}.Release|Any CPU.Build.0 = Release|Any CPU
		{082A3233-11DC-4283-A7E2-1C238EF6672E}.Release|x64.ActiveCfg = Release|Any CPU
		{082A3233-11DC-4283-A7E2-1C238EF6672E}.Release|x64.Build.0 = Release|Any CPU
		{082A3233-11DC-4283-A7E2-1C238EF6672E}.Release|x86.ActiveCfg = Release|Any CPU
		{082A3233-11DC-4283-A7E2-1C238EF6672E}.Release|x86.Build.0 = Release|Any CPU
		{982F7458-1A13-4637-851A-27D24B90A80D}.Debug|Any CPU.ActiveCfg = Debug|Any CPU
		{982F7458-1A13-4637-851A-27D24B90A80D}.Debug|Any CPU.Build.0 = Debug|Any CPU
		{982F7458-1A13-4637-851A-27D24B90A80D}.Debug|x64.ActiveCfg = Debug|Any CPU
		{982F7458-1A13-4637-851A-27D24B90A80D}.Debug|x64.Build.0 = Debug|Any CPU
		{982F7458-1A13-4637-851A-27D24B90A80D}.Debug|x86.ActiveCfg = Debug|Any CPU
		{982F7458-1A13-4637-851A-27D24B90A80D}.Debug|x86.Build.0 = Debug|Any CPU
		{982F7458-1A13-4637-851A-27D24B90A80D}.Release|Any CPU.ActiveCfg = Release|Any CPU
		{982F7458-1A13-4637-851A-27D24B90A80D}.Release|Any CPU.Build.0 = Release|Any CPU
		{982F7458-1A13-4637-851A-27D24B90A80D}.Release|x64.ActiveCfg = Release|Any CPU
		{982F7458-1A13-4637-851A-27D24B90A80D}.Release|x64.Build.0 = Release|Any CPU
		{982F7458-1A13-4637-851A-27D24B90A80D}.Release|x86.ActiveCfg = Release|Any CPU
		{982F7458-1A13-4637-851A-27D24B90A80D}.Release|x86.Build.0 = Release|Any CPU
		{2053D9B4-45BF-4332-AFA2-ED3D7E0B6FE3}.Debug|Any CPU.ActiveCfg = Debug|Any CPU
		{2053D9B4-45BF-4332-AFA2-ED3D7E0B6FE3}.Debug|Any CPU.Build.0 = Debug|Any CPU
		{2053D9B4-45BF-4332-AFA2-ED3D7E0B6FE3}.Debug|x64.ActiveCfg = Debug|Any CPU
		{2053D9B4-45BF-4332-AFA2-ED3D7E0B6FE3}.Debug|x64.Build.0 = Debug|Any CPU
		{2053D9B4-45BF-4332-AFA2-ED3D7E0B6FE3}.Debug|x86.ActiveCfg = Debug|Any CPU
		{2053D9B4-45BF-4332-AFA2-ED3D7E0B6FE3}.Debug|x86.Build.0 = Debug|Any CPU
		{2053D9B4-45BF-4332-AFA2-ED3D7E0B6FE3}.Release|Any CPU.ActiveCfg = Release|Any CPU
		{2053D9B4-45BF-4332-AFA2-ED3D7E0B6FE3}.Release|Any CPU.Build.0 = Release|Any CPU
		{2053D9B4-45BF-4332-AFA2-ED3D7E0B6FE3}.Release|x64.ActiveCfg = Release|Any CPU
		{2053D9B4-45BF-4332-AFA2-ED3D7E0B6FE3}.Release|x64.Build.0 = Release|Any CPU
		{2053D9B4-45BF-4332-AFA2-ED3D7E0B6FE3}.Release|x86.ActiveCfg = Release|Any CPU
		{2053D9B4-45BF-4332-AFA2-ED3D7E0B6FE3}.Release|x86.Build.0 = Release|Any CPU
		{62D7D4C6-E75D-4862-9E90-F5B46B26F2AA}.Debug|Any CPU.ActiveCfg = Debug|Any CPU
		{62D7D4C6-E75D-4862-9E90-F5B46B26F2AA}.Debug|Any CPU.Build.0 = Debug|Any CPU
		{62D7D4C6-E75D-4862-9E90-F5B46B26F2AA}.Debug|x64.ActiveCfg = Debug|Any CPU
		{62D7D4C6-E75D-4862-9E90-F5B46B26F2AA}.Debug|x64.Build.0 = Debug|Any CPU
		{62D7D4C6-E75D-4862-9E90-F5B46B26F2AA}.Debug|x86.ActiveCfg = Debug|Any CPU
		{62D7D4C6-E75D-4862-9E90-F5B46B26F2AA}.Debug|x86.Build.0 = Debug|Any CPU
		{62D7D4C6-E75D-4862-9E90-F5B46B26F2AA}.Release|Any CPU.ActiveCfg = Release|Any CPU
		{62D7D4C6-E75D-4862-9E90-F5B46B26F2AA}.Release|Any CPU.Build.0 = Release|Any CPU
		{62D7D4C6-E75D-4862-9E90-F5B46B26F2AA}.Release|x64.ActiveCfg = Release|Any CPU
		{62D7D4C6-E75D-4862-9E90-F5B46B26F2AA}.Release|x64.Build.0 = Release|Any CPU
		{62D7D4C6-E75D-4862-9E90-F5B46B26F2AA}.Release|x86.ActiveCfg = Release|Any CPU
		{62D7D4C6-E75D-4862-9E90-F5B46B26F2AA}.Release|x86.Build.0 = Release|Any CPU
		{0EE0CEC7-2E48-4425-8B25-D89091011362}.Debug|Any CPU.ActiveCfg = Debug|Any CPU
		{0EE0CEC7-2E48-4425-8B25-D89091011362}.Debug|Any CPU.Build.0 = Debug|Any CPU
		{0EE0CEC7-2E48-4425-8B25-D89091011362}.Debug|x64.ActiveCfg = Debug|Any CPU
		{0EE0CEC7-2E48-4425-8B25-D89091011362}.Debug|x64.Build.0 = Debug|Any CPU
		{0EE0CEC7-2E48-4425-8B25-D89091011362}.Debug|x86.ActiveCfg = Debug|Any CPU
		{0EE0CEC7-2E48-4425-8B25-D89091011362}.Debug|x86.Build.0 = Debug|Any CPU
		{0EE0CEC7-2E48-4425-8B25-D89091011362}.Release|Any CPU.ActiveCfg = Release|Any CPU
		{0EE0CEC7-2E48-4425-8B25-D89091011362}.Release|Any CPU.Build.0 = Release|Any CPU
		{0EE0CEC7-2E48-4425-8B25-D89091011362}.Release|x64.ActiveCfg = Release|Any CPU
		{0EE0CEC7-2E48-4425-8B25-D89091011362}.Release|x64.Build.0 = Release|Any CPU
		{0EE0CEC7-2E48-4425-8B25-D89091011362}.Release|x86.ActiveCfg = Release|Any CPU
		{0EE0CEC7-2E48-4425-8B25-D89091011362}.Release|x86.Build.0 = Release|Any CPU
		{DD097298-ED75-4F5B-974D-B7CAF1475970}.Debug|Any CPU.ActiveCfg = Debug|Any CPU
		{DD097298-ED75-4F5B-974D-B7CAF1475970}.Debug|Any CPU.Build.0 = Debug|Any CPU
		{DD097298-ED75-4F5B-974D-B7CAF1475970}.Debug|x64.ActiveCfg = Debug|Any CPU
		{DD097298-ED75-4F5B-974D-B7CAF1475970}.Debug|x64.Build.0 = Debug|Any CPU
		{DD097298-ED75-4F5B-974D-B7CAF1475970}.Debug|x86.ActiveCfg = Debug|Any CPU
		{DD097298-ED75-4F5B-974D-B7CAF1475970}.Debug|x86.Build.0 = Debug|Any CPU
		{DD097298-ED75-4F5B-974D-B7CAF1475970}.Release|Any CPU.ActiveCfg = Release|Any CPU
		{DD097298-ED75-4F5B-974D-B7CAF1475970}.Release|Any CPU.Build.0 = Release|Any CPU
		{DD097298-ED75-4F5B-974D-B7CAF1475970}.Release|x64.ActiveCfg = Release|Any CPU
		{DD097298-ED75-4F5B-974D-B7CAF1475970}.Release|x64.Build.0 = Release|Any CPU
		{DD097298-ED75-4F5B-974D-B7CAF1475970}.Release|x86.ActiveCfg = Release|Any CPU
		{DD097298-ED75-4F5B-974D-B7CAF1475970}.Release|x86.Build.0 = Release|Any CPU
		{EBF3B678-3DF9-4DAE-A08A-3A411F61E430}.Debug|Any CPU.ActiveCfg = Debug|Any CPU
		{EBF3B678-3DF9-4DAE-A08A-3A411F61E430}.Debug|Any CPU.Build.0 = Debug|Any CPU
		{EBF3B678-3DF9-4DAE-A08A-3A411F61E430}.Debug|x64.ActiveCfg = Debug|Any CPU
		{EBF3B678-3DF9-4DAE-A08A-3A411F61E430}.Debug|x64.Build.0 = Debug|Any CPU
		{EBF3B678-3DF9-4DAE-A08A-3A411F61E430}.Debug|x86.ActiveCfg = Debug|Any CPU
		{EBF3B678-3DF9-4DAE-A08A-3A411F61E430}.Debug|x86.Build.0 = Debug|Any CPU
		{EBF3B678-3DF9-4DAE-A08A-3A411F61E430}.Release|Any CPU.ActiveCfg = Release|Any CPU
		{EBF3B678-3DF9-4DAE-A08A-3A411F61E430}.Release|Any CPU.Build.0 = Release|Any CPU
		{EBF3B678-3DF9-4DAE-A08A-3A411F61E430}.Release|x64.ActiveCfg = Release|Any CPU
		{EBF3B678-3DF9-4DAE-A08A-3A411F61E430}.Release|x64.Build.0 = Release|Any CPU
		{EBF3B678-3DF9-4DAE-A08A-3A411F61E430}.Release|x86.ActiveCfg = Release|Any CPU
		{EBF3B678-3DF9-4DAE-A08A-3A411F61E430}.Release|x86.Build.0 = Release|Any CPU
		{3A865DB0-9433-4246-B4CA-5B203AE14053}.Debug|Any CPU.ActiveCfg = Debug|Any CPU
		{3A865DB0-9433-4246-B4CA-5B203AE14053}.Debug|Any CPU.Build.0 = Debug|Any CPU
		{3A865DB0-9433-4246-B4CA-5B203AE14053}.Debug|x64.ActiveCfg = Debug|Any CPU
		{3A865DB0-9433-4246-B4CA-5B203AE14053}.Debug|x64.Build.0 = Debug|Any CPU
		{3A865DB0-9433-4246-B4CA-5B203AE14053}.Debug|x86.ActiveCfg = Debug|Any CPU
		{3A865DB0-9433-4246-B4CA-5B203AE14053}.Debug|x86.Build.0 = Debug|Any CPU
		{3A865DB0-9433-4246-B4CA-5B203AE14053}.Release|Any CPU.ActiveCfg = Release|Any CPU
		{3A865DB0-9433-4246-B4CA-5B203AE14053}.Release|Any CPU.Build.0 = Release|Any CPU
		{3A865DB0-9433-4246-B4CA-5B203AE14053}.Release|x64.ActiveCfg = Release|Any CPU
		{3A865DB0-9433-4246-B4CA-5B203AE14053}.Release|x64.Build.0 = Release|Any CPU
		{3A865DB0-9433-4246-B4CA-5B203AE14053}.Release|x86.ActiveCfg = Release|Any CPU
		{3A865DB0-9433-4246-B4CA-5B203AE14053}.Release|x86.Build.0 = Release|Any CPU
		{20A7A1D6-6E65-45D0-94EB-4966B9285E82}.Debug|Any CPU.ActiveCfg = Debug|Any CPU
		{20A7A1D6-6E65-45D0-94EB-4966B9285E82}.Debug|Any CPU.Build.0 = Debug|Any CPU
		{20A7A1D6-6E65-45D0-94EB-4966B9285E82}.Debug|x64.ActiveCfg = Debug|Any CPU
		{20A7A1D6-6E65-45D0-94EB-4966B9285E82}.Debug|x64.Build.0 = Debug|Any CPU
		{20A7A1D6-6E65-45D0-94EB-4966B9285E82}.Debug|x86.ActiveCfg = Debug|Any CPU
		{20A7A1D6-6E65-45D0-94EB-4966B9285E82}.Debug|x86.Build.0 = Debug|Any CPU
		{20A7A1D6-6E65-45D0-94EB-4966B9285E82}.Release|Any CPU.ActiveCfg = Release|Any CPU
		{20A7A1D6-6E65-45D0-94EB-4966B9285E82}.Release|Any CPU.Build.0 = Release|Any CPU
		{20A7A1D6-6E65-45D0-94EB-4966B9285E82}.Release|x64.ActiveCfg = Release|Any CPU
		{20A7A1D6-6E65-45D0-94EB-4966B9285E82}.Release|x64.Build.0 = Release|Any CPU
		{20A7A1D6-6E65-45D0-94EB-4966B9285E82}.Release|x86.ActiveCfg = Release|Any CPU
		{20A7A1D6-6E65-45D0-94EB-4966B9285E82}.Release|x86.Build.0 = Release|Any CPU
		{62C14822-2B00-4165-9C7F-FE665C36602C}.Debug|Any CPU.ActiveCfg = Debug|Any CPU
		{62C14822-2B00-4165-9C7F-FE665C36602C}.Debug|Any CPU.Build.0 = Debug|Any CPU
		{62C14822-2B00-4165-9C7F-FE665C36602C}.Debug|x64.ActiveCfg = Debug|Any CPU
		{62C14822-2B00-4165-9C7F-FE665C36602C}.Debug|x64.Build.0 = Debug|Any CPU
		{62C14822-2B00-4165-9C7F-FE665C36602C}.Debug|x86.ActiveCfg = Debug|Any CPU
		{62C14822-2B00-4165-9C7F-FE665C36602C}.Debug|x86.Build.0 = Debug|Any CPU
		{62C14822-2B00-4165-9C7F-FE665C36602C}.Release|Any CPU.ActiveCfg = Release|Any CPU
		{62C14822-2B00-4165-9C7F-FE665C36602C}.Release|Any CPU.Build.0 = Release|Any CPU
		{62C14822-2B00-4165-9C7F-FE665C36602C}.Release|x64.ActiveCfg = Release|Any CPU
		{62C14822-2B00-4165-9C7F-FE665C36602C}.Release|x64.Build.0 = Release|Any CPU
		{62C14822-2B00-4165-9C7F-FE665C36602C}.Release|x86.ActiveCfg = Release|Any CPU
		{62C14822-2B00-4165-9C7F-FE665C36602C}.Release|x86.Build.0 = Release|Any CPU
		{534A341E-407B-4F83-BAC9-CFE23E3E2E38}.Debug|Any CPU.ActiveCfg = Debug|Any CPU
		{534A341E-407B-4F83-BAC9-CFE23E3E2E38}.Debug|Any CPU.Build.0 = Debug|Any CPU
		{534A341E-407B-4F83-BAC9-CFE23E3E2E38}.Debug|x64.ActiveCfg = Debug|Any CPU
		{534A341E-407B-4F83-BAC9-CFE23E3E2E38}.Debug|x64.Build.0 = Debug|Any CPU
		{534A341E-407B-4F83-BAC9-CFE23E3E2E38}.Debug|x86.ActiveCfg = Debug|Any CPU
		{534A341E-407B-4F83-BAC9-CFE23E3E2E38}.Debug|x86.Build.0 = Debug|Any CPU
		{534A341E-407B-4F83-BAC9-CFE23E3E2E38}.Release|Any CPU.ActiveCfg = Release|Any CPU
		{534A341E-407B-4F83-BAC9-CFE23E3E2E38}.Release|Any CPU.Build.0 = Release|Any CPU
		{534A341E-407B-4F83-BAC9-CFE23E3E2E38}.Release|x64.ActiveCfg = Release|Any CPU
		{534A341E-407B-4F83-BAC9-CFE23E3E2E38}.Release|x64.Build.0 = Release|Any CPU
		{534A341E-407B-4F83-BAC9-CFE23E3E2E38}.Release|x86.ActiveCfg = Release|Any CPU
		{534A341E-407B-4F83-BAC9-CFE23E3E2E38}.Release|x86.Build.0 = Release|Any CPU
	EndGlobalSection
	GlobalSection(SolutionProperties) = preSolution
		HideSolutionNode = FALSE
	EndGlobalSection
	GlobalSection(NestedProjects) = preSolution
		{982F7458-1A13-4637-851A-27D24B90A80D} = {F3D84209-F694-4142-B879-D61867509EE9}
		{2053D9B4-45BF-4332-AFA2-ED3D7E0B6FE3} = {F3D84209-F694-4142-B879-D61867509EE9}
		{62D7D4C6-E75D-4862-9E90-F5B46B26F2AA} = {F3D84209-F694-4142-B879-D61867509EE9}
		{0EE0CEC7-2E48-4425-8B25-D89091011362} = {F3D84209-F694-4142-B879-D61867509EE9}
		{DD097298-ED75-4F5B-974D-B7CAF1475970} = {F3D84209-F694-4142-B879-D61867509EE9}
		{EBF3B678-3DF9-4DAE-A08A-3A411F61E430} = {F3D84209-F694-4142-B879-D61867509EE9}
		{3A865DB0-9433-4246-B4CA-5B203AE14053} = {F3D84209-F694-4142-B879-D61867509EE9}
		{20A7A1D6-6E65-45D0-94EB-4966B9285E82} = {F3D84209-F694-4142-B879-D61867509EE9}
		{62C14822-2B00-4165-9C7F-FE665C36602C} = {F3D84209-F694-4142-B879-D61867509EE9}
		{534A341E-407B-4F83-BAC9-CFE23E3E2E38} = {F3D84209-F694-4142-B879-D61867509EE9}
	EndGlobalSection
	GlobalSection(ExtensibilityGlobals) = postSolution
		SolutionGuid = {A13F8FD3-4D7D-4C9F-986E-42179BBB5100}
	EndGlobalSection
EndGlobal
